// !$*UTF8*$!
{
	archiveVersion = 1;
	classes = {
	};
	objectVersion = 46;
	objects = {

/* Begin PBXBuildFile section */
		8907B5FE1790AFE2009387E1 /* SBIssueViewController.m in Sources */ = {isa = PBXBuildFile; fileRef = 8907B5E11790AFE2009387E1 /* SBIssueViewController.m */; };
		8907B5FF1790AFE2009387E1 /* SBWindow.m in Sources */ = {isa = PBXBuildFile; fileRef = 8907B5E31790AFE2009387E1 /* SBWindow.m */; };
		8907B6001790AFE2009387E1 /* InfoPlist.strings in Resources */ = {isa = PBXBuildFile; fileRef = 8907B5E51790AFE2009387E1 /* InfoPlist.strings */; };
		8907B6011790AFE2009387E1 /* NSArray+Utilities.m in Sources */ = {isa = PBXBuildFile; fileRef = 8907B5E81790AFE2009387E1 /* NSArray+Utilities.m */; };
		8907B6021790AFE2009387E1 /* NSData+Base64.m in Sources */ = {isa = PBXBuildFile; fileRef = 8907B5EA1790AFE2009387E1 /* NSData+Base64.m */; };
		8907B6031790AFE2009387E1 /* NSInvocation+Blocks.m in Sources */ = {isa = PBXBuildFile; fileRef = 8907B5EC1790AFE2009387E1 /* NSInvocation+Blocks.m */; };
		8907B6041790AFE2009387E1 /* NSString+UAGithubEngineUtilities.m in Sources */ = {isa = PBXBuildFile; fileRef = 8907B5EE1790AFE2009387E1 /* NSString+UAGithubEngineUtilities.m */; };
		8907B6051790AFE2009387E1 /* NSString+UUID.m in Sources */ = {isa = PBXBuildFile; fileRef = 8907B5F01790AFE2009387E1 /* NSString+UUID.m */; };
		8907B6061790AFE2009387E1 /* UAGithubEngine-Info.plist in Resources */ = {isa = PBXBuildFile; fileRef = 8907B5F11790AFE2009387E1 /* UAGithubEngine-Info.plist */; };
		8907B6071790AFE2009387E1 /* UAGithubEngine.m in Sources */ = {isa = PBXBuildFile; fileRef = 8907B5F41790AFE2009387E1 /* UAGithubEngine.m */; };
		8907B6081790AFE2009387E1 /* UAGithubEngineConstants.m in Sources */ = {isa = PBXBuildFile; fileRef = 8907B5F61790AFE2009387E1 /* UAGithubEngineConstants.m */; };
		8907B6091790AFE2009387E1 /* UAGithubJSONParser.m in Sources */ = {isa = PBXBuildFile; fileRef = 8907B5F91790AFE2009387E1 /* UAGithubJSONParser.m */; };
		8907B60A1790AFE2009387E1 /* UAGithubURLConnection.m in Sources */ = {isa = PBXBuildFile; fileRef = 8907B5FB1790AFE2009387E1 /* UAGithubURLConnection.m */; };
		8907B60B1790AFE2009387E1 /* UAReachability.m in Sources */ = {isa = PBXBuildFile; fileRef = 8907B5FD1790AFE2009387E1 /* UAReachability.m */; };
		8907B60E1790B942009387E1 /* SBLoginViewController.m in Sources */ = {isa = PBXBuildFile; fileRef = 8907B60D1790B942009387E1 /* SBLoginViewController.m */; };
		8907B6131790CF1A009387E1 /* github_logo.png in Resources */ = {isa = PBXBuildFile; fileRef = 8907B6111790CF1A009387E1 /* github_logo.png */; };
		8907B6141790CF1A009387E1 /* github_logo@2x.png in Resources */ = {isa = PBXBuildFile; fileRef = 8907B6121790CF1A009387E1 /* github_logo@2x.png */; };
		89260E58178B986900BE15EA /* SystemConfiguration.framework in Frameworks */ = {isa = PBXBuildFile; fileRef = 89260E57178B986900BE15EA /* SystemConfiguration.framework */; };
		892F876B17946ABB00FB1249 /* UICKeyChainStore.m in Sources */ = {isa = PBXBuildFile; fileRef = 892F876A17946ABB00FB1249 /* UICKeyChainStore.m */; };
		89F292B91784C5D3009DD393 /* UIKit.framework in Frameworks */ = {isa = PBXBuildFile; fileRef = 89F292B81784C5D3009DD393 /* UIKit.framework */; };
		89F292BB1784C5D3009DD393 /* Foundation.framework in Frameworks */ = {isa = PBXBuildFile; fileRef = 89F292BA1784C5D3009DD393 /* Foundation.framework */; };
		89F292BD1784C5D3009DD393 /* CoreGraphics.framework in Frameworks */ = {isa = PBXBuildFile; fileRef = 89F292BC1784C5D3009DD393 /* CoreGraphics.framework */; };
		89F292C31784C5D3009DD393 /* InfoPlist.strings in Resources */ = {isa = PBXBuildFile; fileRef = 89F292C11784C5D3009DD393 /* InfoPlist.strings */; };
		89F292C51784C5D3009DD393 /* main.m in Sources */ = {isa = PBXBuildFile; fileRef = 89F292C41784C5D3009DD393 /* main.m */; };
		89F292C91784C5D3009DD393 /* SBAppDelegate.m in Sources */ = {isa = PBXBuildFile; fileRef = 89F292C81784C5D3009DD393 /* SBAppDelegate.m */; };
		89F292CB1784C5D3009DD393 /* Default.png in Resources */ = {isa = PBXBuildFile; fileRef = 89F292CA1784C5D3009DD393 /* Default.png */; };
		89F292CD1784C5D3009DD393 /* Default@2x.png in Resources */ = {isa = PBXBuildFile; fileRef = 89F292CC1784C5D3009DD393 /* Default@2x.png */; };
		89F292CF1784C5D3009DD393 /* Default-568h@2x.png in Resources */ = {isa = PBXBuildFile; fileRef = 89F292CE1784C5D3009DD393 /* Default-568h@2x.png */; };
		89F292D71784C5D3009DD393 /* SenTestingKit.framework in Frameworks */ = {isa = PBXBuildFile; fileRef = 89F292D61784C5D3009DD393 /* SenTestingKit.framework */; };
		89F292D81784C5D3009DD393 /* UIKit.framework in Frameworks */ = {isa = PBXBuildFile; fileRef = 89F292B81784C5D3009DD393 /* UIKit.framework */; };
		89F292D91784C5D3009DD393 /* Foundation.framework in Frameworks */ = {isa = PBXBuildFile; fileRef = 89F292BA1784C5D3009DD393 /* Foundation.framework */; };
		89F292E11784C5D3009DD393 /* InfoPlist.strings in Resources */ = {isa = PBXBuildFile; fileRef = 89F292DF1784C5D3009DD393 /* InfoPlist.strings */; };
		89F292E41784C5D3009DD393 /* DemoProjectTests.m in Sources */ = {isa = PBXBuildFile; fileRef = 89F292E31784C5D3009DD393 /* DemoProjectTests.m */; };
		89F292EF1784C8ED009DD393 /* SBRootViewController.m in Sources */ = {isa = PBXBuildFile; fileRef = 89F292EE1784C8ED009DD393 /* SBRootViewController.m */; };
		89F292F51784EC33009DD393 /* MessageUI.framework in Frameworks */ = {isa = PBXBuildFile; fileRef = 89F292F41784EC33009DD393 /* MessageUI.framework */; };
/* End PBXBuildFile section */

/* Begin PBXContainerItemProxy section */
		89F292DA1784C5D3009DD393 /* PBXContainerItemProxy */ = {
			isa = PBXContainerItemProxy;
			containerPortal = 89F292AD1784C5D3009DD393 /* Project object */;
			proxyType = 1;
			remoteGlobalIDString = 89F292B41784C5D3009DD393;
			remoteInfo = DemoProject;
		};
/* End PBXContainerItemProxy section */

/* Begin PBXFileReference section */
		8907B5E01790AFE2009387E1 /* SBIssueViewController.h */ = {isa = PBXFileReference; fileEncoding = 4; lastKnownFileType = sourcecode.c.h; path = SBIssueViewController.h; sourceTree = "<group>"; };
		8907B5E11790AFE2009387E1 /* SBIssueViewController.m */ = {isa = PBXFileReference; fileEncoding = 4; lastKnownFileType = sourcecode.c.objc; path = SBIssueViewController.m; sourceTree = "<group>"; };
		8907B5E21790AFE2009387E1 /* SBWindow.h */ = {isa = PBXFileReference; fileEncoding = 4; lastKnownFileType = sourcecode.c.h; path = SBWindow.h; sourceTree = "<group>"; };
		8907B5E31790AFE2009387E1 /* SBWindow.m */ = {isa = PBXFileReference; fileEncoding = 4; lastKnownFileType = sourcecode.c.objc; path = SBWindow.m; sourceTree = "<group>"; };
		8907B5E61790AFE2009387E1 /* en */ = {isa = PBXFileReference; lastKnownFileType = text.plist.strings; name = en; path = en.lproj/InfoPlist.strings; sourceTree = "<group>"; };
		8907B5E71790AFE2009387E1 /* NSArray+Utilities.h */ = {isa = PBXFileReference; fileEncoding = 4; lastKnownFileType = sourcecode.c.h; path = "NSArray+Utilities.h"; sourceTree = "<group>"; };
		8907B5E81790AFE2009387E1 /* NSArray+Utilities.m */ = {isa = PBXFileReference; fileEncoding = 4; lastKnownFileType = sourcecode.c.objc; path = "NSArray+Utilities.m"; sourceTree = "<group>"; };
		8907B5E91790AFE2009387E1 /* NSData+Base64.h */ = {isa = PBXFileReference; fileEncoding = 4; lastKnownFileType = sourcecode.c.h; path = "NSData+Base64.h"; sourceTree = "<group>"; };
		8907B5EA1790AFE2009387E1 /* NSData+Base64.m */ = {isa = PBXFileReference; fileEncoding = 4; lastKnownFileType = sourcecode.c.objc; path = "NSData+Base64.m"; sourceTree = "<group>"; };
		8907B5EB1790AFE2009387E1 /* NSInvocation+Blocks.h */ = {isa = PBXFileReference; fileEncoding = 4; lastKnownFileType = sourcecode.c.h; path = "NSInvocation+Blocks.h"; sourceTree = "<group>"; };
		8907B5EC1790AFE2009387E1 /* NSInvocation+Blocks.m */ = {isa = PBXFileReference; fileEncoding = 4; lastKnownFileType = sourcecode.c.objc; path = "NSInvocation+Blocks.m"; sourceTree = "<group>"; };
		8907B5ED1790AFE2009387E1 /* NSString+UAGithubEngineUtilities.h */ = {isa = PBXFileReference; fileEncoding = 4; lastKnownFileType = sourcecode.c.h; path = "NSString+UAGithubEngineUtilities.h"; sourceTree = "<group>"; };
		8907B5EE1790AFE2009387E1 /* NSString+UAGithubEngineUtilities.m */ = {isa = PBXFileReference; fileEncoding = 4; lastKnownFileType = sourcecode.c.objc; path = "NSString+UAGithubEngineUtilities.m"; sourceTree = "<group>"; };
		8907B5EF1790AFE2009387E1 /* NSString+UUID.h */ = {isa = PBXFileReference; fileEncoding = 4; lastKnownFileType = sourcecode.c.h; path = "NSString+UUID.h"; sourceTree = "<group>"; };
		8907B5F01790AFE2009387E1 /* NSString+UUID.m */ = {isa = PBXFileReference; fileEncoding = 4; lastKnownFileType = sourcecode.c.objc; path = "NSString+UUID.m"; sourceTree = "<group>"; };
		8907B5F11790AFE2009387E1 /* UAGithubEngine-Info.plist */ = {isa = PBXFileReference; fileEncoding = 4; lastKnownFileType = text.plist.xml; path = "UAGithubEngine-Info.plist"; sourceTree = "<group>"; };
		8907B5F21790AFE2009387E1 /* UAGithubEngine-Prefix.pch */ = {isa = PBXFileReference; fileEncoding = 4; lastKnownFileType = sourcecode.c.h; path = "UAGithubEngine-Prefix.pch"; sourceTree = "<group>"; };
		8907B5F31790AFE2009387E1 /* UAGithubEngine.h */ = {isa = PBXFileReference; fileEncoding = 4; lastKnownFileType = sourcecode.c.h; path = UAGithubEngine.h; sourceTree = "<group>"; };
		8907B5F41790AFE2009387E1 /* UAGithubEngine.m */ = {isa = PBXFileReference; fileEncoding = 4; lastKnownFileType = sourcecode.c.objc; path = UAGithubEngine.m; sourceTree = "<group>"; };
		8907B5F51790AFE2009387E1 /* UAGithubEngineConstants.h */ = {isa = PBXFileReference; fileEncoding = 4; lastKnownFileType = sourcecode.c.h; path = UAGithubEngineConstants.h; sourceTree = "<group>"; };
		8907B5F61790AFE2009387E1 /* UAGithubEngineConstants.m */ = {isa = PBXFileReference; fileEncoding = 4; lastKnownFileType = sourcecode.c.objc; path = UAGithubEngineConstants.m; sourceTree = "<group>"; };
		8907B5F71790AFE2009387E1 /* UAGithubEngineRequestTypes.h */ = {isa = PBXFileReference; fileEncoding = 4; lastKnownFileType = sourcecode.c.h; path = UAGithubEngineRequestTypes.h; sourceTree = "<group>"; };
		8907B5F81790AFE2009387E1 /* UAGithubJSONParser.h */ = {isa = PBXFileReference; fileEncoding = 4; lastKnownFileType = sourcecode.c.h; path = UAGithubJSONParser.h; sourceTree = "<group>"; };
		8907B5F91790AFE2009387E1 /* UAGithubJSONParser.m */ = {isa = PBXFileReference; fileEncoding = 4; lastKnownFileType = sourcecode.c.objc; path = UAGithubJSONParser.m; sourceTree = "<group>"; };
		8907B5FA1790AFE2009387E1 /* UAGithubURLConnection.h */ = {isa = PBXFileReference; fileEncoding = 4; lastKnownFileType = sourcecode.c.h; path = UAGithubURLConnection.h; sourceTree = "<group>"; };
		8907B5FB1790AFE2009387E1 /* UAGithubURLConnection.m */ = {isa = PBXFileReference; fileEncoding = 4; lastKnownFileType = sourcecode.c.objc; path = UAGithubURLConnection.m; sourceTree = "<group>"; };
		8907B5FC1790AFE2009387E1 /* UAReachability.h */ = {isa = PBXFileReference; fileEncoding = 4; lastKnownFileType = sourcecode.c.h; path = UAReachability.h; sourceTree = "<group>"; };
		8907B5FD1790AFE2009387E1 /* UAReachability.m */ = {isa = PBXFileReference; fileEncoding = 4; lastKnownFileType = sourcecode.c.objc; path = UAReachability.m; sourceTree = "<group>"; };
		8907B60C1790B942009387E1 /* SBLoginViewController.h */ = {isa = PBXFileReference; fileEncoding = 4; lastKnownFileType = sourcecode.c.h; path = SBLoginViewController.h; sourceTree = "<group>"; };
		8907B60D1790B942009387E1 /* SBLoginViewController.m */ = {isa = PBXFileReference; fileEncoding = 4; lastKnownFileType = sourcecode.c.objc; path = SBLoginViewController.m; sourceTree = "<group>"; };
		8907B6111790CF1A009387E1 /* github_logo.png */ = {isa = PBXFileReference; lastKnownFileType = image.png; path = github_logo.png; sourceTree = "<group>"; };
		8907B6121790CF1A009387E1 /* github_logo@2x.png */ = {isa = PBXFileReference; lastKnownFileType = image.png; path = "github_logo@2x.png"; sourceTree = "<group>"; };
		89260E57178B986900BE15EA /* SystemConfiguration.framework */ = {isa = PBXFileReference; lastKnownFileType = wrapper.framework; name = SystemConfiguration.framework; path = System/Library/Frameworks/SystemConfiguration.framework; sourceTree = SDKROOT; };
		892F876917946ABB00FB1249 /* UICKeyChainStore.h */ = {isa = PBXFileReference; fileEncoding = 4; lastKnownFileType = sourcecode.c.h; path = UICKeyChainStore.h; sourceTree = "<group>"; };
		892F876A17946ABB00FB1249 /* UICKeyChainStore.m */ = {isa = PBXFileReference; fileEncoding = 4; lastKnownFileType = sourcecode.c.objc; path = UICKeyChainStore.m; sourceTree = "<group>"; };
		89F292B51784C5D3009DD393 /* DemoProject.app */ = {isa = PBXFileReference; explicitFileType = wrapper.application; includeInIndex = 0; path = DemoProject.app; sourceTree = BUILT_PRODUCTS_DIR; };
		89F292B81784C5D3009DD393 /* UIKit.framework */ = {isa = PBXFileReference; lastKnownFileType = wrapper.framework; name = UIKit.framework; path = System/Library/Frameworks/UIKit.framework; sourceTree = SDKROOT; };
		89F292BA1784C5D3009DD393 /* Foundation.framework */ = {isa = PBXFileReference; lastKnownFileType = wrapper.framework; name = Foundation.framework; path = System/Library/Frameworks/Foundation.framework; sourceTree = SDKROOT; };
		89F292BC1784C5D3009DD393 /* CoreGraphics.framework */ = {isa = PBXFileReference; lastKnownFileType = wrapper.framework; name = CoreGraphics.framework; path = System/Library/Frameworks/CoreGraphics.framework; sourceTree = SDKROOT; };
		89F292C01784C5D3009DD393 /* DemoProject-Info.plist */ = {isa = PBXFileReference; lastKnownFileType = text.plist.xml; path = "DemoProject-Info.plist"; sourceTree = "<group>"; };
		89F292C21784C5D3009DD393 /* en */ = {isa = PBXFileReference; lastKnownFileType = text.plist.strings; name = en; path = en.lproj/InfoPlist.strings; sourceTree = "<group>"; };
		89F292C41784C5D3009DD393 /* main.m */ = {isa = PBXFileReference; lastKnownFileType = sourcecode.c.objc; path = main.m; sourceTree = "<group>"; };
		89F292C61784C5D3009DD393 /* DemoProject-Prefix.pch */ = {isa = PBXFileReference; lastKnownFileType = sourcecode.c.h; path = "DemoProject-Prefix.pch"; sourceTree = "<group>"; };
		89F292C71784C5D3009DD393 /* SBAppDelegate.h */ = {isa = PBXFileReference; lastKnownFileType = sourcecode.c.h; path = SBAppDelegate.h; sourceTree = "<group>"; };
		89F292C81784C5D3009DD393 /* SBAppDelegate.m */ = {isa = PBXFileReference; lastKnownFileType = sourcecode.c.objc; path = SBAppDelegate.m; sourceTree = "<group>"; };
		89F292CA1784C5D3009DD393 /* Default.png */ = {isa = PBXFileReference; lastKnownFileType = image.png; path = Default.png; sourceTree = "<group>"; };
		89F292CC1784C5D3009DD393 /* Default@2x.png */ = {isa = PBXFileReference; lastKnownFileType = image.png; path = "Default@2x.png"; sourceTree = "<group>"; };
		89F292CE1784C5D3009DD393 /* Default-568h@2x.png */ = {isa = PBXFileReference; lastKnownFileType = image.png; path = "Default-568h@2x.png"; sourceTree = "<group>"; };
		89F292D51784C5D3009DD393 /* DemoProjectTests.octest */ = {isa = PBXFileReference; explicitFileType = wrapper.cfbundle; includeInIndex = 0; path = DemoProjectTests.octest; sourceTree = BUILT_PRODUCTS_DIR; };
		89F292D61784C5D3009DD393 /* SenTestingKit.framework */ = {isa = PBXFileReference; lastKnownFileType = wrapper.framework; name = SenTestingKit.framework; path = Library/Frameworks/SenTestingKit.framework; sourceTree = DEVELOPER_DIR; };
		89F292DE1784C5D3009DD393 /* DemoProjectTests-Info.plist */ = {isa = PBXFileReference; lastKnownFileType = text.plist.xml; path = "DemoProjectTests-Info.plist"; sourceTree = "<group>"; };
		89F292E01784C5D3009DD393 /* en */ = {isa = PBXFileReference; lastKnownFileType = text.plist.strings; name = en; path = en.lproj/InfoPlist.strings; sourceTree = "<group>"; };
		89F292E21784C5D3009DD393 /* DemoProjectTests.h */ = {isa = PBXFileReference; lastKnownFileType = sourcecode.c.h; path = DemoProjectTests.h; sourceTree = "<group>"; };
		89F292E31784C5D3009DD393 /* DemoProjectTests.m */ = {isa = PBXFileReference; lastKnownFileType = sourcecode.c.objc; path = DemoProjectTests.m; sourceTree = "<group>"; };
		89F292ED1784C8ED009DD393 /* SBRootViewController.h */ = {isa = PBXFileReference; fileEncoding = 4; lastKnownFileType = sourcecode.c.h; path = SBRootViewController.h; sourceTree = "<group>"; };
		89F292EE1784C8ED009DD393 /* SBRootViewController.m */ = {isa = PBXFileReference; fileEncoding = 4; lastKnownFileType = sourcecode.c.objc; path = SBRootViewController.m; sourceTree = "<group>"; };
		89F292F41784EC33009DD393 /* MessageUI.framework */ = {isa = PBXFileReference; lastKnownFileType = wrapper.framework; name = MessageUI.framework; path = System/Library/Frameworks/MessageUI.framework; sourceTree = SDKROOT; };
/* End PBXFileReference section */

/* Begin PBXFrameworksBuildPhase section */
		89F292B21784C5D3009DD393 /* Frameworks */ = {
			isa = PBXFrameworksBuildPhase;
			buildActionMask = 2147483647;
			files = (
				89260E58178B986900BE15EA /* SystemConfiguration.framework in Frameworks */,
				89F292F51784EC33009DD393 /* MessageUI.framework in Frameworks */,
				89F292B91784C5D3009DD393 /* UIKit.framework in Frameworks */,
				89F292BB1784C5D3009DD393 /* Foundation.framework in Frameworks */,
				89F292BD1784C5D3009DD393 /* CoreGraphics.framework in Frameworks */,
			);
			runOnlyForDeploymentPostprocessing = 0;
		};
		89F292D11784C5D3009DD393 /* Frameworks */ = {
			isa = PBXFrameworksBuildPhase;
			buildActionMask = 2147483647;
			files = (
				89F292D71784C5D3009DD393 /* SenTestingKit.framework in Frameworks */,
				89F292D81784C5D3009DD393 /* UIKit.framework in Frameworks */,
				89F292D91784C5D3009DD393 /* Foundation.framework in Frameworks */,
			);
			runOnlyForDeploymentPostprocessing = 0;
		};
/* End PBXFrameworksBuildPhase section */

/* Begin PBXGroup section */
		8907B5DE1790AFE2009387E1 /* Bark */ = {
			isa = PBXGroup;
			children = (
				8907B60C1790B942009387E1 /* SBLoginViewController.h */,
				8907B60D1790B942009387E1 /* SBLoginViewController.m */,
				8907B5E01790AFE2009387E1 /* SBIssueViewController.h */,
				8907B5E11790AFE2009387E1 /* SBIssueViewController.m */,
				8907B5E21790AFE2009387E1 /* SBWindow.h */,
				8907B5E31790AFE2009387E1 /* SBWindow.m */,
				8907B6111790CF1A009387E1 /* github_logo.png */,
				8907B6121790CF1A009387E1 /* github_logo@2x.png */,
				892F876817946ABB00FB1249 /* UICKeyChainStore */,
				8907B5E41790AFE2009387E1 /* UAGitHubEngine */,
			);
			path = Bark;
			sourceTree = "<group>";
		};
		8907B5E41790AFE2009387E1 /* UAGitHubEngine */ = {
			isa = PBXGroup;
			children = (
				8907B5E51790AFE2009387E1 /* InfoPlist.strings */,
				8907B5E71790AFE2009387E1 /* NSArray+Utilities.h */,
				8907B5E81790AFE2009387E1 /* NSArray+Utilities.m */,
				8907B5E91790AFE2009387E1 /* NSData+Base64.h */,
				8907B5EA1790AFE2009387E1 /* NSData+Base64.m */,
				8907B5EB1790AFE2009387E1 /* NSInvocation+Blocks.h */,
				8907B5EC1790AFE2009387E1 /* NSInvocation+Blocks.m */,
				8907B5ED1790AFE2009387E1 /* NSString+UAGithubEngineUtilities.h */,
				8907B5EE1790AFE2009387E1 /* NSString+UAGithubEngineUtilities.m */,
				8907B5EF1790AFE2009387E1 /* NSString+UUID.h */,
				8907B5F01790AFE2009387E1 /* NSString+UUID.m */,
				8907B5F11790AFE2009387E1 /* UAGithubEngine-Info.plist */,
				8907B5F21790AFE2009387E1 /* UAGithubEngine-Prefix.pch */,
				8907B5F31790AFE2009387E1 /* UAGithubEngine.h */,
				8907B5F41790AFE2009387E1 /* UAGithubEngine.m */,
				8907B5F51790AFE2009387E1 /* UAGithubEngineConstants.h */,
				8907B5F61790AFE2009387E1 /* UAGithubEngineConstants.m */,
				8907B5F71790AFE2009387E1 /* UAGithubEngineRequestTypes.h */,
				8907B5F81790AFE2009387E1 /* UAGithubJSONParser.h */,
				8907B5F91790AFE2009387E1 /* UAGithubJSONParser.m */,
				8907B5FA1790AFE2009387E1 /* UAGithubURLConnection.h */,
				8907B5FB1790AFE2009387E1 /* UAGithubURLConnection.m */,
				8907B5FC1790AFE2009387E1 /* UAReachability.h */,
				8907B5FD1790AFE2009387E1 /* UAReachability.m */,
			);
			path = UAGitHubEngine;
			sourceTree = "<group>";
		};
		892F876817946ABB00FB1249 /* UICKeyChainStore */ = {
			isa = PBXGroup;
			children = (
				892F876917946ABB00FB1249 /* UICKeyChainStore.h */,
				892F876A17946ABB00FB1249 /* UICKeyChainStore.m */,
			);
			path = UICKeyChainStore;
			sourceTree = "<group>";
		};
		89F292AC1784C5D3009DD393 = {
			isa = PBXGroup;
			children = (
				89F292BE1784C5D3009DD393 /* DemoProject */,
				89F292DC1784C5D3009DD393 /* DemoProjectTests */,
				89F292B71784C5D3009DD393 /* Frameworks */,
				89F292B61784C5D3009DD393 /* Products */,
			);
			sourceTree = "<group>";
		};
		89F292B61784C5D3009DD393 /* Products */ = {
			isa = PBXGroup;
			children = (
				89F292B51784C5D3009DD393 /* DemoProject.app */,
				89F292D51784C5D3009DD393 /* DemoProjectTests.octest */,
			);
			name = Products;
			sourceTree = "<group>";
		};
		89F292B71784C5D3009DD393 /* Frameworks */ = {
			isa = PBXGroup;
			children = (
				89260E57178B986900BE15EA /* SystemConfiguration.framework */,
				89F292F41784EC33009DD393 /* MessageUI.framework */,
				89F292B81784C5D3009DD393 /* UIKit.framework */,
				89F292BA1784C5D3009DD393 /* Foundation.framework */,
				89F292BC1784C5D3009DD393 /* CoreGraphics.framework */,
				89F292D61784C5D3009DD393 /* SenTestingKit.framework */,
			);
			name = Frameworks;
			sourceTree = "<group>";
		};
		89F292BE1784C5D3009DD393 /* DemoProject */ = {
			isa = PBXGroup;
			children = (
				89F292C71784C5D3009DD393 /* SBAppDelegate.h */,
				89F292C81784C5D3009DD393 /* SBAppDelegate.m */,
				89F292ED1784C8ED009DD393 /* SBRootViewController.h */,
				89F292EE1784C8ED009DD393 /* SBRootViewController.m */,
				8907B5DE1790AFE2009387E1 /* Bark */,
				89F292BF1784C5D3009DD393 /* Supporting Files */,
			);
			path = DemoProject;
			sourceTree = "<group>";
		};
		89F292BF1784C5D3009DD393 /* Supporting Files */ = {
			isa = PBXGroup;
			children = (
				89F292C01784C5D3009DD393 /* DemoProject-Info.plist */,
				89F292C11784C5D3009DD393 /* InfoPlist.strings */,
				89F292C41784C5D3009DD393 /* main.m */,
				89F292C61784C5D3009DD393 /* DemoProject-Prefix.pch */,
				89F292CA1784C5D3009DD393 /* Default.png */,
				89F292CC1784C5D3009DD393 /* Default@2x.png */,
				89F292CE1784C5D3009DD393 /* Default-568h@2x.png */,
			);
			name = "Supporting Files";
			sourceTree = "<group>";
		};
		89F292DC1784C5D3009DD393 /* DemoProjectTests */ = {
			isa = PBXGroup;
			children = (
				89F292E21784C5D3009DD393 /* DemoProjectTests.h */,
				89F292E31784C5D3009DD393 /* DemoProjectTests.m */,
				89F292DD1784C5D3009DD393 /* Supporting Files */,
			);
			path = DemoProjectTests;
			sourceTree = "<group>";
		};
		89F292DD1784C5D3009DD393 /* Supporting Files */ = {
			isa = PBXGroup;
			children = (
				89F292DE1784C5D3009DD393 /* DemoProjectTests-Info.plist */,
				89F292DF1784C5D3009DD393 /* InfoPlist.strings */,
			);
			name = "Supporting Files";
			sourceTree = "<group>";
		};
/* End PBXGroup section */

/* Begin PBXNativeTarget section */
		89F292B41784C5D3009DD393 /* DemoProject */ = {
			isa = PBXNativeTarget;
			buildConfigurationList = 89F292E71784C5D3009DD393 /* Build configuration list for PBXNativeTarget "DemoProject" */;
			buildPhases = (
				89F292B11784C5D3009DD393 /* Sources */,
				89F292B21784C5D3009DD393 /* Frameworks */,
				89F292B31784C5D3009DD393 /* Resources */,
			);
			buildRules = (
			);
			dependencies = (
			);
			name = DemoProject;
			productName = DemoProject;
			productReference = 89F292B51784C5D3009DD393 /* DemoProject.app */;
			productType = "com.apple.product-type.application";
		};
		89F292D41784C5D3009DD393 /* DemoProjectTests */ = {
			isa = PBXNativeTarget;
			buildConfigurationList = 89F292EA1784C5D3009DD393 /* Build configuration list for PBXNativeTarget "DemoProjectTests" */;
			buildPhases = (
				89F292D01784C5D3009DD393 /* Sources */,
				89F292D11784C5D3009DD393 /* Frameworks */,
				89F292D21784C5D3009DD393 /* Resources */,
				89F292D31784C5D3009DD393 /* ShellScript */,
			);
			buildRules = (
			);
			dependencies = (
				89F292DB1784C5D3009DD393 /* PBXTargetDependency */,
			);
			name = DemoProjectTests;
			productName = DemoProjectTests;
			productReference = 89F292D51784C5D3009DD393 /* DemoProjectTests.octest */;
			productType = "com.apple.product-type.bundle";
		};
/* End PBXNativeTarget section */

/* Begin PBXProject section */
		89F292AD1784C5D3009DD393 /* Project object */ = {
			isa = PBXProject;
			attributes = {
				CLASSPREFIX = AL;
				LastUpgradeCheck = 0460;
				ORGANIZATIONNAME = "Austin Louden";
			};
			buildConfigurationList = 89F292B01784C5D3009DD393 /* Build configuration list for PBXProject "DemoProject" */;
			compatibilityVersion = "Xcode 3.2";
			developmentRegion = English;
			hasScannedForEncodings = 0;
			knownRegions = (
				en,
			);
			mainGroup = 89F292AC1784C5D3009DD393;
			productRefGroup = 89F292B61784C5D3009DD393 /* Products */;
			projectDirPath = "";
			projectRoot = "";
			targets = (
				89F292B41784C5D3009DD393 /* DemoProject */,
				89F292D41784C5D3009DD393 /* DemoProjectTests */,
			);
		};
/* End PBXProject section */

/* Begin PBXResourcesBuildPhase section */
		89F292B31784C5D3009DD393 /* Resources */ = {
			isa = PBXResourcesBuildPhase;
			buildActionMask = 2147483647;
			files = (
				89F292C31784C5D3009DD393 /* InfoPlist.strings in Resources */,
				89F292CB1784C5D3009DD393 /* Default.png in Resources */,
				89F292CD1784C5D3009DD393 /* Default@2x.png in Resources */,
				89F292CF1784C5D3009DD393 /* Default-568h@2x.png in Resources */,
				8907B6001790AFE2009387E1 /* InfoPlist.strings in Resources */,
				8907B6061790AFE2009387E1 /* UAGithubEngine-Info.plist in Resources */,
				8907B6131790CF1A009387E1 /* github_logo.png in Resources */,
				8907B6141790CF1A009387E1 /* github_logo@2x.png in Resources */,
			);
			runOnlyForDeploymentPostprocessing = 0;
		};
		89F292D21784C5D3009DD393 /* Resources */ = {
			isa = PBXResourcesBuildPhase;
			buildActionMask = 2147483647;
			files = (
				89F292E11784C5D3009DD393 /* InfoPlist.strings in Resources */,
			);
			runOnlyForDeploymentPostprocessing = 0;
		};
/* End PBXResourcesBuildPhase section */

/* Begin PBXShellScriptBuildPhase section */
		89F292D31784C5D3009DD393 /* ShellScript */ = {
			isa = PBXShellScriptBuildPhase;
			buildActionMask = 2147483647;
			files = (
			);
			inputPaths = (
			);
			outputPaths = (
			);
			runOnlyForDeploymentPostprocessing = 0;
			shellPath = /bin/sh;
			shellScript = "# Run the unit tests in this test bundle.\n\"${SYSTEM_DEVELOPER_DIR}/Tools/RunUnitTests\"\n";
		};
/* End PBXShellScriptBuildPhase section */

/* Begin PBXSourcesBuildPhase section */
		89F292B11784C5D3009DD393 /* Sources */ = {
			isa = PBXSourcesBuildPhase;
			buildActionMask = 2147483647;
			files = (
				89F292C51784C5D3009DD393 /* main.m in Sources */,
				89F292C91784C5D3009DD393 /* SBAppDelegate.m in Sources */,
				89F292EF1784C8ED009DD393 /* SBRootViewController.m in Sources */,
				8907B5FE1790AFE2009387E1 /* SBIssueViewController.m in Sources */,
				8907B5FF1790AFE2009387E1 /* SBWindow.m in Sources */,
				8907B6011790AFE2009387E1 /* NSArray+Utilities.m in Sources */,
				8907B6021790AFE2009387E1 /* NSData+Base64.m in Sources */,
				8907B6031790AFE2009387E1 /* NSInvocation+Blocks.m in Sources */,
				8907B6041790AFE2009387E1 /* NSString+UAGithubEngineUtilities.m in Sources */,
				8907B6051790AFE2009387E1 /* NSString+UUID.m in Sources */,
				8907B6071790AFE2009387E1 /* UAGithubEngine.m in Sources */,
				8907B6081790AFE2009387E1 /* UAGithubEngineConstants.m in Sources */,
				8907B6091790AFE2009387E1 /* UAGithubJSONParser.m in Sources */,
				8907B60A1790AFE2009387E1 /* UAGithubURLConnection.m in Sources */,
				8907B60B1790AFE2009387E1 /* UAReachability.m in Sources */,
				8907B60E1790B942009387E1 /* SBLoginViewController.m in Sources */,
				892F876B17946ABB00FB1249 /* UICKeyChainStore.m in Sources */,
			);
			runOnlyForDeploymentPostprocessing = 0;
		};
		89F292D01784C5D3009DD393 /* Sources */ = {
			isa = PBXSourcesBuildPhase;
			buildActionMask = 2147483647;
			files = (
				89F292E41784C5D3009DD393 /* DemoProjectTests.m in Sources */,
			);
			runOnlyForDeploymentPostprocessing = 0;
		};
/* End PBXSourcesBuildPhase section */

/* Begin PBXTargetDependency section */
		89F292DB1784C5D3009DD393 /* PBXTargetDependency */ = {
			isa = PBXTargetDependency;
			target = 89F292B41784C5D3009DD393 /* DemoProject */;
			targetProxy = 89F292DA1784C5D3009DD393 /* PBXContainerItemProxy */;
		};
/* End PBXTargetDependency section */

/* Begin PBXVariantGroup section */
		8907B5E51790AFE2009387E1 /* InfoPlist.strings */ = {
			isa = PBXVariantGroup;
			children = (
				8907B5E61790AFE2009387E1 /* en */,
			);
			name = InfoPlist.strings;
			sourceTree = "<group>";
		};
		89F292C11784C5D3009DD393 /* InfoPlist.strings */ = {
			isa = PBXVariantGroup;
			children = (
				89F292C21784C5D3009DD393 /* en */,
			);
			name = InfoPlist.strings;
			sourceTree = "<group>";
		};
		89F292DF1784C5D3009DD393 /* InfoPlist.strings */ = {
			isa = PBXVariantGroup;
			children = (
				89F292E01784C5D3009DD393 /* en */,
			);
			name = InfoPlist.strings;
			sourceTree = "<group>";
		};
/* End PBXVariantGroup section */

/* Begin XCBuildConfiguration section */
		89F292E51784C5D3009DD393 /* Debug */ = {
			isa = XCBuildConfiguration;
			buildSettings = {
				ALWAYS_SEARCH_USER_PATHS = NO;
				CLANG_CXX_LANGUAGE_STANDARD = "gnu++0x";
				CLANG_CXX_LIBRARY = "libc++";
				CLANG_ENABLE_OBJC_ARC = YES;
				CLANG_WARN_CONSTANT_CONVERSION = YES;
				CLANG_WARN_EMPTY_BODY = YES;
				CLANG_WARN_ENUM_CONVERSION = YES;
				CLANG_WARN_INT_CONVERSION = YES;
				CLANG_WARN__DUPLICATE_METHOD_MATCH = YES;
				"CODE_SIGN_IDENTITY[sdk=iphoneos*]" = "iPhone Developer";
				COPY_PHASE_STRIP = NO;
				GCC_C_LANGUAGE_STANDARD = gnu99;
				GCC_DYNAMIC_NO_PIC = NO;
				GCC_OPTIMIZATION_LEVEL = 0;
				GCC_PREPROCESSOR_DEFINITIONS = (
					"DEBUG=1",
					"$(inherited)",
				);
				GCC_SYMBOLS_PRIVATE_EXTERN = NO;
				GCC_WARN_ABOUT_RETURN_TYPE = YES;
				GCC_WARN_UNINITIALIZED_AUTOS = YES;
				GCC_WARN_UNUSED_VARIABLE = YES;
				IPHONEOS_DEPLOYMENT_TARGET = 6.1;
				ONLY_ACTIVE_ARCH = YES;
				SDKROOT = iphoneos;
				TARGETED_DEVICE_FAMILY = "1,2";
			};
			name = Debug;
		};
		89F292E61784C5D3009DD393 /* Release */ = {
			isa = XCBuildConfiguration;
			buildSettings = {
				ALWAYS_SEARCH_USER_PATHS = NO;
				CLANG_CXX_LANGUAGE_STANDARD = "gnu++0x";
				CLANG_CXX_LIBRARY = "libc++";
				CLANG_ENABLE_OBJC_ARC = YES;
				CLANG_WARN_CONSTANT_CONVERSION = YES;
				CLANG_WARN_EMPTY_BODY = YES;
				CLANG_WARN_ENUM_CONVERSION = YES;
				CLANG_WARN_INT_CONVERSION = YES;
				CLANG_WARN__DUPLICATE_METHOD_MATCH = YES;
				"CODE_SIGN_IDENTITY[sdk=iphoneos*]" = "iPhone Developer";
				COPY_PHASE_STRIP = YES;
				GCC_C_LANGUAGE_STANDARD = gnu99;
				GCC_WARN_ABOUT_RETURN_TYPE = YES;
				GCC_WARN_UNINITIALIZED_AUTOS = YES;
				GCC_WARN_UNUSED_VARIABLE = YES;
				IPHONEOS_DEPLOYMENT_TARGET = 6.1;
				OTHER_CFLAGS = "-DNS_BLOCK_ASSERTIONS=1";
				SDKROOT = iphoneos;
				TARGETED_DEVICE_FAMILY = "1,2";
				VALIDATE_PRODUCT = YES;
			};
			name = Release;
		};
		89F292E81784C5D3009DD393 /* Debug */ = {
			isa = XCBuildConfiguration;
			buildSettings = {
				GCC_PRECOMPILE_PREFIX_HEADER = YES;
				GCC_PREFIX_HEADER = "DemoProject/DemoProject-Prefix.pch";
				INFOPLIST_FILE = "DemoProject/DemoProject-Info.plist";
				PRODUCT_NAME = "$(TARGET_NAME)";
				WRAPPER_EXTENSION = app;
			};
			name = Debug;
		};
		89F292E91784C5D3009DD393 /* Release */ = {
			isa = XCBuildConfiguration;
			buildSettings = {
				GCC_PRECOMPILE_PREFIX_HEADER = YES;
				GCC_PREFIX_HEADER = "DemoProject/DemoProject-Prefix.pch";
				INFOPLIST_FILE = "DemoProject/DemoProject-Info.plist";
				PRODUCT_NAME = "$(TARGET_NAME)";
				WRAPPER_EXTENSION = app;
			};
			name = Release;
		};
		89F292EB1784C5D3009DD393 /* Debug */ = {
			isa = XCBuildConfiguration;
			buildSettings = {
				BUNDLE_LOADER = "$(BUILT_PRODUCTS_DIR)/DemoProject.app/DemoProject";
				FRAMEWORK_SEARCH_PATHS = (
					"\"$(SDKROOT)/Developer/Library/Frameworks\"",
					"\"$(DEVELOPER_LIBRARY_DIR)/Frameworks\"",
				);
				GCC_PRECOMPILE_PREFIX_HEADER = YES;
				GCC_PREFIX_HEADER = "DemoProject/DemoProject-Prefix.pch";
				INFOPLIST_FILE = "DemoProjectTests/DemoProjectTests-Info.plist";
				PRODUCT_NAME = "$(TARGET_NAME)";
				TEST_HOST = "$(BUNDLE_LOADER)";
				WRAPPER_EXTENSION = octest;
			};
			name = Debug;
		};
		89F292EC1784C5D3009DD393 /* Release */ = {
			isa = XCBuildConfiguration;
			buildSettings = {
				BUNDLE_LOADER = "$(BUILT_PRODUCTS_DIR)/DemoProject.app/DemoProject";
				FRAMEWORK_SEARCH_PATHS = (
					"\"$(SDKROOT)/Developer/Library/Frameworks\"",
					"\"$(DEVELOPER_LIBRARY_DIR)/Frameworks\"",
				);
				GCC_PRECOMPILE_PREFIX_HEADER = YES;
				GCC_PREFIX_HEADER = "DemoProject/DemoProject-Prefix.pch";
				INFOPLIST_FILE = "DemoProjectTests/DemoProjectTests-Info.plist";
				PRODUCT_NAME = "$(TARGET_NAME)";
				TEST_HOST = "$(BUNDLE_LOADER)";
				WRAPPER_EXTENSION = octest;
			};
			name = Release;
		};
/* End XCBuildConfiguration section */

/* Begin XCConfigurationList section */
		89F292B01784C5D3009DD393 /* Build configuration list for PBXProject "DemoProject" */ = {
			isa = XCConfigurationList;
			buildConfigurations = (
				89F292E51784C5D3009DD393 /* Debug */,
				89F292E61784C5D3009DD393 /* Release */,
			);
			defaultConfigurationIsVisible = 0;
			defaultConfigurationName = Release;
		};
		89F292E71784C5D3009DD393 /* Build configuration list for PBXNativeTarget "DemoProject" */ = {
			isa = XCConfigurationList;
			buildConfigurations = (
				89F292E81784C5D3009DD393 /* Debug */,
				89F292E91784C5D3009DD393 /* Release */,
			);
			defaultConfigurationIsVisible = 0;
			defaultConfigurationName = Release;
		};
		89F292EA1784C5D3009DD393 /* Build configuration list for PBXNativeTarget "DemoProjectTests" */ = {
			isa = XCConfigurationList;
			buildConfigurations = (
				89F292EB1784C5D3009DD393 /* Debug */,
				89F292EC1784C5D3009DD393 /* Release */,
			);
			defaultConfigurationIsVisible = 0;
			defaultConfigurationName = Release;
		};
/* End XCConfigurationList section */
	};
	rootObject = 89F292AD1784C5D3009DD393 /* Project object */;
}
